
Microsoft Visual Studio Solution File, Format Version 12.00
# Visual Studio Version 17
VisualStudioVersion = 17.0.31919.166
MinimumVisualStudioVersion = 10.0.40219.1
Project("{FAE04EC0-301F-11D3-BF4B-00C04F79EFBC}") = "Module 8_6_1", "Module 8_6_1\Module 8_6_1.csproj", "{381CF5AF-E1E3-49A6-87FA-134F46A23653}"
EndProject
Global
	GlobalSection(SolutionConfigurationPlatforms) = preSolution
		Debug|Any CPU = Debug|Any CPU
		Release|Any CPU = Release|Any CPU
	EndGlobalSection
	GlobalSection(ProjectConfigurationPlatforms) = postSolution
		{381CF5AF-E1E3-49A6-87FA-134F46A23653}.Debug|Any CPU.ActiveCfg = Debug|Any CPU
		{381CF5AF-E1E3-49A6-87FA-134F46A23653}.Debug|Any CPU.Build.0 = Debug|Any CPU
		{381CF5AF-E1E3-49A6-87FA-134F46A23653}.Release|Any CPU.ActiveCfg = Release|Any CPU
		{381CF5AF-E1E3-49A6-87FA-134F46A23653}.Release|Any CPU.Build.0 = Release|Any CPU
	EndGlobalSection
	GlobalSection(SolutionProperties) = preSolution
		HideSolutionNode = FALSE
	EndGlobalSection
	GlobalSection(ExtensibilityGlobals) = postSolution
		SolutionGuid = {2CDF57E4-24A3-48DD-93D6-045FD44A1966}
	EndGlobalSection
EndGlobal
